
Microsoft Visual Studio Solution File, Format Version 12.00
# Visual Studio Version 16
VisualStudioVersion = 16.0.31729.503
MinimumVisualStudioVersion = 10.0.40219.1
Project("{FAE04EC0-301F-11D3-BF4B-00C04F79EFBC}") = "Line_Comparison", "Line_Comparison.csproj", "{B6F4AACE-46D2-4AFF-B003-54C51ABDFC91}"
EndProject
Global
	GlobalSection(SolutionConfigurationPlatforms) = preSolution
		Debug|Any CPU = Debug|Any CPU
		Release|Any CPU = Release|Any CPU
	EndGlobalSection
	GlobalSection(ProjectConfigurationPlatforms) = postSolution
		{B6F4AACE-46D2-4AFF-B003-54C51ABDFC91}.Debug|Any CPU.ActiveCfg = Debug|Any CPU
		{B6F4AACE-46D2-4AFF-B003-54C51ABDFC91}.Debug|Any CPU.Build.0 = Debug|Any CPU
		{B6F4AACE-46D2-4AFF-B003-54C51ABDFC91}.Release|Any CPU.ActiveCfg = Release|Any CPU
		{B6F4AACE-46D2-4AFF-B003-54C51ABDFC91}.Release|Any CPU.Build.0 = Release|Any CPU
	EndGlobalSection
	GlobalSection(SolutionProperties) = preSolution
		HideSolutionNode = FALSE
	EndGlobalSection
	GlobalSection(ExtensibilityGlobals) = postSolution
		SolutionGuid = {8DA8A328-F41B-4B69-B76C-8FC1D4AC9722}
	EndGlobalSection
EndGlobal
